{
    "version": 3,
    "terraform_version": "0.11.7",
    "serial": 12,
    "lineage": "e16f2e85-0468-d8ad-b2a2-2714ba95f127",
    "modules": [
        {
            "path": [
                "root"
            ],
            "outputs": {
                "floating ip address vtg-manager": {
                    "sensitive": false,
                    "type": "string",
                    "value": "159.203.146.70"
                },
                "ip address vtg-manager": {
                    "sensitive": false,
                    "type": "string",
                    "value": "138.197.100.148"
                }
            },
            "resources": {
                "digitalocean_droplet.vtg-manager": {
                    "type": "digitalocean_droplet",
                    "depends_on": [
                        "digitalocean_tag.swarm-manager"
                    ],
                    "primary": {
                        "id": "89202616",
                        "attributes": {
                            "disk": "25",
                            "id": "89202616",
                            "image": "centos-7-x64",
                            "ipv4_address": "138.197.100.148",
                            "locked": "false",
                            "name": "vtg-manager",
                            "price_hourly": "0.00744",
                            "price_monthly": "5",
                            "region": "nyc3",
                            "resize_disk": "true",
                            "size": "s-1vcpu-1gb",
                            "ssh_keys.#": "3",
                            "ssh_keys.0": "d3:7a:a0:1a:73:61:11:24:ed:84:b8:60:c8:eb:25:d9",
                            "ssh_keys.1": "5d:d7:53:5b:d4:85:e5:c9:6e:90:6f:93:84:2c:08:80",
                            "ssh_keys.2": "ee:cb:48:51:4d:29:a4:ee:10:ca:0f:a4:8c:d9:cd:c6",
                            "status": "active",
                            "tags.#": "1",
                            "tags.0": "swarm-manager",
                            "vcpus": "1"
                        },
                        "meta": {},
                        "tainted": false
                    },
                    "deposed": [],
                    "provider": "provider.digitalocean"
                },
                "digitalocean_droplet.vtg-worker1": {
                    "type": "digitalocean_droplet",
                    "depends_on": [
                        "digitalocean_tag.swarm-worker"
                    ],
                    "primary": {
                        "id": "89207169",
                        "attributes": {
                            "disk": "25",
                            "id": "89207169",
                            "image": "centos-7-x64",
                            "ipv4_address": "104.236.67.140",
                            "locked": "false",
                            "name": "vtg-worker1",
                            "price_hourly": "0.00744",
                            "price_monthly": "5",
                            "region": "nyc3",
                            "resize_disk": "true",
                            "size": "s-1vcpu-1gb",
                            "ssh_keys.#": "3",
                            "ssh_keys.0": "d3:7a:a0:1a:73:61:11:24:ed:84:b8:60:c8:eb:25:d9",
                            "ssh_keys.1": "5d:d7:53:5b:d4:85:e5:c9:6e:90:6f:93:84:2c:08:80",
                            "ssh_keys.2": "ee:cb:48:51:4d:29:a4:ee:10:ca:0f:a4:8c:d9:cd:c6",
                            "status": "active",
                            "tags.#": "1",
                            "tags.0": "swarm-worker",
                            "vcpus": "1"
                        },
                        "meta": {},
                        "tainted": false
                    },
                    "deposed": [],
                    "provider": "provider.digitalocean"
                },
                "digitalocean_droplet.vtg-worker2": {
                    "type": "digitalocean_droplet",
                    "depends_on": [
                        "digitalocean_tag.swarm-worker"
                    ],
                    "primary": {
                        "id": "89207168",
                        "attributes": {
                            "disk": "25",
                            "id": "89207168",
                            "image": "centos-7-x64",
                            "ipv4_address": "104.236.64.119",
                            "locked": "false",
                            "name": "vtg-worker2",
                            "price_hourly": "0.00744",
                            "price_monthly": "5",
                            "region": "nyc3",
                            "resize_disk": "true",
                            "size": "s-1vcpu-1gb",
                            "ssh_keys.#": "3",
                            "ssh_keys.0": "d3:7a:a0:1a:73:61:11:24:ed:84:b8:60:c8:eb:25:d9",
                            "ssh_keys.1": "5d:d7:53:5b:d4:85:e5:c9:6e:90:6f:93:84:2c:08:80",
                            "ssh_keys.2": "ee:cb:48:51:4d:29:a4:ee:10:ca:0f:a4:8c:d9:cd:c6",
                            "status": "active",
                            "tags.#": "1",
                            "tags.0": "swarm-worker",
                            "vcpus": "1"
                        },
                        "meta": {},
                        "tainted": false
                    },
                    "deposed": [],
                    "provider": "provider.digitalocean"
                },
                "digitalocean_floating_ip.vtg-manager": {
                    "type": "digitalocean_floating_ip",
                    "depends_on": [
                        "digitalocean_droplet.vtg-manager"
                    ],
                    "primary": {
                        "id": "159.203.146.70",
                        "attributes": {
                            "droplet_id": "89202616",
                            "id": "159.203.146.70",
                            "ip_address": "159.203.146.70",
                            "region": "nyc3"
                        },
                        "meta": {},
                        "tainted": false
                    },
                    "deposed": [],
                    "provider": "provider.digitalocean"
                },
                "digitalocean_tag.swarm-manager": {
                    "type": "digitalocean_tag",
                    "depends_on": [],
                    "primary": {
                        "id": "swarm-manager",
                        "attributes": {
                            "id": "swarm-manager",
                            "name": "swarm-manager"
                        },
                        "meta": {},
                        "tainted": false
                    },
                    "deposed": [],
                    "provider": "provider.digitalocean"
                },
                "digitalocean_tag.swarm-worker": {
                    "type": "digitalocean_tag",
                    "depends_on": [],
                    "primary": {
                        "id": "swarm-worker",
                        "attributes": {
                            "id": "swarm-worker",
                            "name": "swarm-worker"
                        },
                        "meta": {},
                        "tainted": false
                    },
                    "deposed": [],
                    "provider": "provider.digitalocean"
                }
            },
            "depends_on": []
        }
    ]
}
